// !$*UTF8*$!
{
	archiveVersion = 1;
	classes = {
	};
	objectVersion = 50;
	objects = {

/* Begin PBXBuildFile section */
		B98DCB77263666D100B29BD3 /* AppDelegate.swift in Sources */ = {isa = PBXBuildFile; fileRef = B98DCB76263666D100B29BD3 /* AppDelegate.swift */; };
		B98DCB7B263666D100B29BD3 /* ViewController.swift in Sources */ = {isa = PBXBuildFile; fileRef = B98DCB7A263666D100B29BD3 /* ViewController.swift */; };
		B98DCB80263666D200B29BD3 /* Assets.xcassets in Resources */ = {isa = PBXBuildFile; fileRef = B98DCB7F263666D200B29BD3 /* Assets.xcassets */; };
		B98DCB83263666D200B29BD3 /* LaunchScreen.storyboard in Resources */ = {isa = PBXBuildFile; fileRef = B98DCB81263666D200B29BD3 /* LaunchScreen.storyboard */; };
		B98DCB8E263666D300B29BD3 /* ColorsTests.swift in Sources */ = {isa = PBXBuildFile; fileRef = B98DCB8D263666D300B29BD3 /* ColorsTests.swift */; };
		B98DCBAD2636681200B29BD3 /* UIImage+Effects.swift in Sources */ = {isa = PBXBuildFile; fileRef = B98DCBAC2636681200B29BD3 /* UIImage+Effects.swift */; };
		B9FDBBEA2637C14900A0D3D1 /* ColorsUITests.swift in Sources */ = {isa = PBXBuildFile; fileRef = B98DCB98263666D300B29BD3 /* ColorsUITests.swift */; };
		E3E21F942639ED0E00CF5597 /* AFIcon.swift in Sources */ = {isa = PBXBuildFile; fileRef = E3E21F932639ED0E00CF5597 /* AFIcon.swift */; };
		E3F8A703263A0A6500D21904 /* LabeledImage.swift in Sources */ = {isa = PBXBuildFile; fileRef = E3F8A702263A0A6500D21904 /* LabeledImage.swift */; };
/* End PBXBuildFile section */

/* Begin PBXContainerItemProxy section */
		B98DCB8A263666D300B29BD3 /* PBXContainerItemProxy */ = {
			isa = PBXContainerItemProxy;
			containerPortal = B98DCB6B263666D100B29BD3 /* Project object */;
			proxyType = 1;
			remoteGlobalIDString = B98DCB72263666D100B29BD3;
			remoteInfo = Colors;
		};
		B98DCB95263666D300B29BD3 /* PBXContainerItemProxy */ = {
			isa = PBXContainerItemProxy;
			containerPortal = B98DCB6B263666D100B29BD3 /* Project object */;
			proxyType = 1;
			remoteGlobalIDString = B98DCB72263666D100B29BD3;
			remoteInfo = Colors;
		};
/* End PBXContainerItemProxy section */

/* Begin PBXFileReference section */
		B98DCB73263666D100B29BD3 /* Colors.app */ = {isa = PBXFileReference; explicitFileType = wrapper.application; includeInIndex = 0; path = Colors.app; sourceTree = BUILT_PRODUCTS_DIR; };
		B98DCB76263666D100B29BD3 /* AppDelegate.swift */ = {isa = PBXFileReference; lastKnownFileType = sourcecode.swift; path = AppDelegate.swift; sourceTree = "<group>"; };
		B98DCB7A263666D100B29BD3 /* ViewController.swift */ = {isa = PBXFileReference; lastKnownFileType = sourcecode.swift; path = ViewController.swift; sourceTree = "<group>"; };
		B98DCB7F263666D200B29BD3 /* Assets.xcassets */ = {isa = PBXFileReference; lastKnownFileType = folder.assetcatalog; path = Assets.xcassets; sourceTree = "<group>"; };
		B98DCB82263666D200B29BD3 /* Base */ = {isa = PBXFileReference; lastKnownFileType = file.storyboard; name = Base; path = Base.lproj/LaunchScreen.storyboard; sourceTree = "<group>"; };
		B98DCB84263666D200B29BD3 /* Info.plist */ = {isa = PBXFileReference; lastKnownFileType = text.plist.xml; path = Info.plist; sourceTree = "<group>"; };
		B98DCB89263666D300B29BD3 /* ColorsTests.xctest */ = {isa = PBXFileReference; explicitFileType = wrapper.cfbundle; includeInIndex = 0; path = ColorsTests.xctest; sourceTree = BUILT_PRODUCTS_DIR; };
		B98DCB8D263666D300B29BD3 /* ColorsTests.swift */ = {isa = PBXFileReference; lastKnownFileType = sourcecode.swift; path = ColorsTests.swift; sourceTree = "<group>"; };
		B98DCB8F263666D300B29BD3 /* Info.plist */ = {isa = PBXFileReference; lastKnownFileType = text.plist.xml; path = Info.plist; sourceTree = "<group>"; };
		B98DCB94263666D300B29BD3 /* ColorsUITests.xctest */ = {isa = PBXFileReference; explicitFileType = wrapper.cfbundle; includeInIndex = 0; path = ColorsUITests.xctest; sourceTree = BUILT_PRODUCTS_DIR; };
		B98DCB98263666D300B29BD3 /* ColorsUITests.swift */ = {isa = PBXFileReference; lastKnownFileType = sourcecode.swift; path = ColorsUITests.swift; sourceTree = "<group>"; };
		B98DCBAC2636681200B29BD3 /* UIImage+Effects.swift */ = {isa = PBXFileReference; fileEncoding = 4; lastKnownFileType = sourcecode.swift; path = "UIImage+Effects.swift"; sourceTree = "<group>"; };
		E3E21F932639ED0E00CF5597 /* AFIcon.swift */ = {isa = PBXFileReference; lastKnownFileType = sourcecode.swift; path = AFIcon.swift; sourceTree = "<group>"; };
		E3F8A702263A0A6500D21904 /* LabeledImage.swift */ = {isa = PBXFileReference; lastKnownFileType = sourcecode.swift; path = LabeledImage.swift; sourceTree = "<group>"; };
/* End PBXFileReference section */

/* Begin PBXFrameworksBuildPhase section */
		B98DCB70263666D100B29BD3 /* Frameworks */ = {
			isa = PBXFrameworksBuildPhase;
			buildActionMask = 2147483647;
			files = (
			);
			runOnlyForDeploymentPostprocessing = 0;
		};
		B98DCB86263666D300B29BD3 /* Frameworks */ = {
			isa = PBXFrameworksBuildPhase;
			buildActionMask = 2147483647;
			files = (
			);
			runOnlyForDeploymentPostprocessing = 0;
		};
		B98DCB91263666D300B29BD3 /* Frameworks */ = {
			isa = PBXFrameworksBuildPhase;
			buildActionMask = 2147483647;
			files = (
			);
			runOnlyForDeploymentPostprocessing = 0;
		};
/* End PBXFrameworksBuildPhase section */

/* Begin PBXGroup section */
		B98DCB6A263666D100B29BD3 = {
			isa = PBXGroup;
			children = (
				B997A10526374FC7000BC3DD /* Resources */,
				B98DCB75263666D100B29BD3 /* Sources */,
				B98DCB8C263666D300B29BD3 /* Tests */,
				B98DCB74263666D100B29BD3 /* Products */,
			);
			sourceTree = "<group>";
		};
		B98DCB74263666D100B29BD3 /* Products */ = {
			isa = PBXGroup;
			children = (
				B98DCB73263666D100B29BD3 /* Colors.app */,
				B98DCB89263666D300B29BD3 /* ColorsTests.xctest */,
				B98DCB94263666D300B29BD3 /* ColorsUITests.xctest */,
			);
			name = Products;
			sourceTree = "<group>";
		};
		B98DCB75263666D100B29BD3 /* Sources */ = {
			isa = PBXGroup;
			children = (
				B98DCB76263666D100B29BD3 /* AppDelegate.swift */,
				B98DCBAC2636681200B29BD3 /* UIImage+Effects.swift */,
				B98DCB7A263666D100B29BD3 /* ViewController.swift */,
				E3E21F932639ED0E00CF5597 /* AFIcon.swift */,
				E3F8A702263A0A6500D21904 /* LabeledImage.swift */,
			);
			path = Sources;
			sourceTree = "<group>";
		};
		B98DCB8C263666D300B29BD3 /* Tests */ = {
			isa = PBXGroup;
			children = (
				B98DCB8D263666D300B29BD3 /* ColorsTests.swift */,
				B98DCB98263666D300B29BD3 /* ColorsUITests.swift */,
				B98DCB8F263666D300B29BD3 /* Info.plist */,
			);
			path = Tests;
			sourceTree = "<group>";
		};
		B997A10526374FC7000BC3DD /* Resources */ = {
			isa = PBXGroup;
			children = (
				B98DCB7F263666D200B29BD3 /* Assets.xcassets */,
				B98DCB84263666D200B29BD3 /* Info.plist */,
				B98DCB81263666D200B29BD3 /* LaunchScreen.storyboard */,
			);
			path = Resources;
			sourceTree = "<group>";
		};
/* End PBXGroup section */

/* Begin PBXNativeTarget section */
		B98DCB72263666D100B29BD3 /* Colors */ = {
			isa = PBXNativeTarget;
			buildConfigurationList = B98DCB9D263666D300B29BD3 /* Build configuration list for PBXNativeTarget "Colors" */;
			buildPhases = (
				B98DCB6F263666D100B29BD3 /* Sources */,
				B98DCB70263666D100B29BD3 /* Frameworks */,
				B98DCB71263666D100B29BD3 /* Resources */,
			);
			buildRules = (
			);
			dependencies = (
			);
			name = Colors;
			productName = Colors;
			productReference = B98DCB73263666D100B29BD3 /* Colors.app */;
			productType = "com.apple.product-type.application";
		};
		B98DCB88263666D300B29BD3 /* ColorsTests */ = {
			isa = PBXNativeTarget;
			buildConfigurationList = B98DCBA0263666D300B29BD3 /* Build configuration list for PBXNativeTarget "ColorsTests" */;
			buildPhases = (
				B98DCB85263666D300B29BD3 /* Sources */,
				B98DCB86263666D300B29BD3 /* Frameworks */,
				B98DCB87263666D300B29BD3 /* Resources */,
			);
			buildRules = (
			);
			dependencies = (
				B98DCB8B263666D300B29BD3 /* PBXTargetDependency */,
			);
			name = ColorsTests;
			productName = ColorsTests;
			productReference = B98DCB89263666D300B29BD3 /* ColorsTests.xctest */;
			productType = "com.apple.product-type.bundle.unit-test";
		};
		B98DCB93263666D300B29BD3 /* ColorsUITests */ = {
			isa = PBXNativeTarget;
			buildConfigurationList = B98DCBA3263666D300B29BD3 /* Build configuration list for PBXNativeTarget "ColorsUITests" */;
			buildPhases = (
				B98DCB90263666D300B29BD3 /* Sources */,
				B98DCB91263666D300B29BD3 /* Frameworks */,
				B98DCB92263666D300B29BD3 /* Resources */,
			);
			buildRules = (
			);
			dependencies = (
				B98DCB96263666D300B29BD3 /* PBXTargetDependency */,
			);
			name = ColorsUITests;
			productName = ColorsUITests;
			productReference = B98DCB94263666D300B29BD3 /* ColorsUITests.xctest */;
			productType = "com.apple.product-type.bundle.ui-testing";
		};
/* End PBXNativeTarget section */

/* Begin PBXProject section */
		B98DCB6B263666D100B29BD3 /* Project object */ = {
			isa = PBXProject;
			attributes = {
				LastSwiftUpdateCheck = 1230;
				LastUpgradeCheck = 1230;
				TargetAttributes = {
					B98DCB72263666D100B29BD3 = {
						CreatedOnToolsVersion = 12.3;
					};
					B98DCB88263666D300B29BD3 = {
						CreatedOnToolsVersion = 12.3;
						TestTargetID = B98DCB72263666D100B29BD3;
					};
					B98DCB93263666D300B29BD3 = {
						CreatedOnToolsVersion = 12.3;
						TestTargetID = B98DCB72263666D100B29BD3;
					};
				};
			};
			buildConfigurationList = B98DCB6E263666D100B29BD3 /* Build configuration list for PBXProject "Colors" */;
			compatibilityVersion = "Xcode 9.3";
			developmentRegion = en;
			hasScannedForEncodings = 0;
			knownRegions = (
				en,
				Base,
			);
			mainGroup = B98DCB6A263666D100B29BD3;
			productRefGroup = B98DCB74263666D100B29BD3 /* Products */;
			projectDirPath = "";
			projectRoot = "";
			targets = (
				B98DCB72263666D100B29BD3 /* Colors */,
				B98DCB88263666D300B29BD3 /* ColorsTests */,
				B98DCB93263666D300B29BD3 /* ColorsUITests */,
			);
		};
/* End PBXProject section */

/* Begin PBXResourcesBuildPhase section */
		B98DCB71263666D100B29BD3 /* Resources */ = {
			isa = PBXResourcesBuildPhase;
			buildActionMask = 2147483647;
			files = (
				B98DCB83263666D200B29BD3 /* LaunchScreen.storyboard in Resources */,
				B98DCB80263666D200B29BD3 /* Assets.xcassets in Resources */,
			);
			runOnlyForDeploymentPostprocessing = 0;
		};
		B98DCB87263666D300B29BD3 /* Resources */ = {
			isa = PBXResourcesBuildPhase;
			buildActionMask = 2147483647;
			files = (
			);
			runOnlyForDeploymentPostprocessing = 0;
		};
		B98DCB92263666D300B29BD3 /* Resources */ = {
			isa = PBXResourcesBuildPhase;
			buildActionMask = 2147483647;
			files = (
			);
			runOnlyForDeploymentPostprocessing = 0;
		};
/* End PBXResourcesBuildPhase section */

/* Begin PBXSourcesBuildPhase section */
		B98DCB6F263666D100B29BD3 /* Sources */ = {
			isa = PBXSourcesBuildPhase;
			buildActionMask = 2147483647;
			files = (
				B98DCB7B263666D100B29BD3 /* ViewController.swift in Sources */,
				E3E21F942639ED0E00CF5597 /* AFIcon.swift in Sources */,
				E3F8A703263A0A6500D21904 /* LabeledImage.swift in Sources */,
				B98DCB77263666D100B29BD3 /* AppDelegate.swift in Sources */,
				B98DCBAD2636681200B29BD3 /* UIImage+Effects.swift in Sources */,
			);
			runOnlyForDeploymentPostprocessing = 0;
		};
		B98DCB85263666D300B29BD3 /* Sources */ = {
			isa = PBXSourcesBuildPhase;
			buildActionMask = 2147483647;
			files = (
				B98DCB8E263666D300B29BD3 /* ColorsTests.swift in Sources */,
			);
			runOnlyForDeploymentPostprocessing = 0;
		};
		B98DCB90263666D300B29BD3 /* Sources */ = {
			isa = PBXSourcesBuildPhase;
			buildActionMask = 2147483647;
			files = (
				B9FDBBEA2637C14900A0D3D1 /* ColorsUITests.swift in Sources */,
			);
			runOnlyForDeploymentPostprocessing = 0;
		};
/* End PBXSourcesBuildPhase section */

/* Begin PBXTargetDependency section */
		B98DCB8B263666D300B29BD3 /* PBXTargetDependency */ = {
			isa = PBXTargetDependency;
			target = B98DCB72263666D100B29BD3 /* Colors */;
			targetProxy = B98DCB8A263666D300B29BD3 /* PBXContainerItemProxy */;
		};
		B98DCB96263666D300B29BD3 /* PBXTargetDependency */ = {
			isa = PBXTargetDependency;
			target = B98DCB72263666D100B29BD3 /* Colors */;
			targetProxy = B98DCB95263666D300B29BD3 /* PBXContainerItemProxy */;
		};
/* End PBXTargetDependency section */

/* Begin PBXVariantGroup section */
		B98DCB81263666D200B29BD3 /* LaunchScreen.storyboard */ = {
			isa = PBXVariantGroup;
			children = (
				B98DCB82263666D200B29BD3 /* Base */,
			);
			name = LaunchScreen.storyboard;
			sourceTree = "<group>";
		};
/* End PBXVariantGroup section */

/* Begin XCBuildConfiguration section */
		B98DCB9B263666D300B29BD3 /* Debug */ = {
			isa = XCBuildConfiguration;
			buildSettings = {
				ALWAYS_SEARCH_USER_PATHS = NO;
				CLANG_ANALYZER_NONNULL = YES;
				CLANG_ANALYZER_NUMBER_OBJECT_CONVERSION = YES_AGGRESSIVE;
				CLANG_CXX_LANGUAGE_STANDARD = "gnu++14";
				CLANG_CXX_LIBRARY = "libc++";
				CLANG_ENABLE_MODULES = YES;
				CLANG_ENABLE_OBJC_ARC = YES;
				CLANG_ENABLE_OBJC_WEAK = YES;
				CLANG_WARN_BLOCK_CAPTURE_AUTORELEASING = YES;
				CLANG_WARN_BOOL_CONVERSION = YES;
				CLANG_WARN_COMMA = YES;
				CLANG_WARN_CONSTANT_CONVERSION = YES;
				CLANG_WARN_DEPRECATED_OBJC_IMPLEMENTATIONS = YES;
				CLANG_WARN_DIRECT_OBJC_ISA_USAGE = YES_ERROR;
				CLANG_WARN_DOCUMENTATION_COMMENTS = YES;
				CLANG_WARN_EMPTY_BODY = YES;
				CLANG_WARN_ENUM_CONVERSION = YES;
				CLANG_WARN_INFINITE_RECURSION = YES;
				CLANG_WARN_INT_CONVERSION = YES;
				CLANG_WARN_NON_LITERAL_NULL_CONVERSION = YES;
				CLANG_WARN_OBJC_IMPLICIT_RETAIN_SELF = YES;
				CLANG_WARN_OBJC_LITERAL_CONVERSION = YES;
				CLANG_WARN_OBJC_ROOT_CLASS = YES_ERROR;
				CLANG_WARN_QUOTED_INCLUDE_IN_FRAMEWORK_HEADER = YES;
				CLANG_WARN_RANGE_LOOP_ANALYSIS = YES;
				CLANG_WARN_STRICT_PROTOTYPES = YES;
				CLANG_WARN_SUSPICIOUS_MOVE = YES;
				CLANG_WARN_UNGUARDED_AVAILABILITY = YES_AGGRESSIVE;
				CLANG_WARN_UNREACHABLE_CODE = YES;
				CLANG_WARN__DUPLICATE_METHOD_MATCH = YES;
				COPY_PHASE_STRIP = NO;
				DEBUG_INFORMATION_FORMAT = dwarf;
				ENABLE_STRICT_OBJC_MSGSEND = YES;
				ENABLE_TESTABILITY = YES;
				GCC_C_LANGUAGE_STANDARD = gnu11;
				GCC_DYNAMIC_NO_PIC = NO;
				GCC_NO_COMMON_BLOCKS = YES;
				GCC_OPTIMIZATION_LEVEL = 0;
				GCC_PREPROCESSOR_DEFINITIONS = (
					"DEBUG=1",
					"$(inherited)",
				);
				GCC_WARN_64_TO_32_BIT_CONVERSION = YES;
				GCC_WARN_ABOUT_RETURN_TYPE = YES_ERROR;
				GCC_WARN_UNDECLARED_SELECTOR = YES;
				GCC_WARN_UNINITIALIZED_AUTOS = YES_AGGRESSIVE;
				GCC_WARN_UNUSED_FUNCTION = YES;
				GCC_WARN_UNUSED_VARIABLE = YES;
				IPHONEOS_DEPLOYMENT_TARGET = 14.3;
				MTL_ENABLE_DEBUG_INFO = INCLUDE_SOURCE;
				MTL_FAST_MATH = YES;
				ONLY_ACTIVE_ARCH = YES;
				SDKROOT = iphoneos;
				SWIFT_ACTIVE_COMPILATION_CONDITIONS = DEBUG;
				SWIFT_OPTIMIZATION_LEVEL = "-Onone";
			};
			name = Debug;
		};
		B98DCB9C263666D300B29BD3 /* Release */ = {
			isa = XCBuildConfiguration;
			buildSettings = {
				ALWAYS_SEARCH_USER_PATHS = NO;
				CLANG_ANALYZER_NONNULL = YES;
				CLANG_ANALYZER_NUMBER_OBJECT_CONVERSION = YES_AGGRESSIVE;
				CLANG_CXX_LANGUAGE_STANDARD = "gnu++14";
				CLANG_CXX_LIBRARY = "libc++";
				CLANG_ENABLE_MODULES = YES;
				CLANG_ENABLE_OBJC_ARC = YES;
				CLANG_ENABLE_OBJC_WEAK = YES;
				CLANG_WARN_BLOCK_CAPTURE_AUTORELEASING = YES;
				CLANG_WARN_BOOL_CONVERSION = YES;
				CLANG_WARN_COMMA = YES;
				CLANG_WARN_CONSTANT_CONVERSION = YES;
				CLANG_WARN_DEPRECATED_OBJC_IMPLEMENTATIONS = YES;
				CLANG_WARN_DIRECT_OBJC_ISA_USAGE = YES_ERROR;
				CLANG_WARN_DOCUMENTATION_COMMENTS = YES;
				CLANG_WARN_EMPTY_BODY = YES;
				CLANG_WARN_ENUM_CONVERSION = YES;
				CLANG_WARN_INFINITE_RECURSION = YES;
				CLANG_WARN_INT_CONVERSION = YES;
				CLANG_WARN_NON_LITERAL_NULL_CONVERSION = YES;
				CLANG_WARN_OBJC_IMPLICIT_RETAIN_SELF = YES;
				CLANG_WARN_OBJC_LITERAL_CONVERSION = YES;
				CLANG_WARN_OBJC_ROOT_CLASS = YES_ERROR;
				CLANG_WARN_QUOTED_INCLUDE_IN_FRAMEWORK_HEADER = YES;
				CLANG_WARN_RANGE_LOOP_ANALYSIS = YES;
				CLANG_WARN_STRICT_PROTOTYPES = YES;
				CLANG_WARN_SUSPICIOUS_MOVE = YES;
				CLANG_WARN_UNGUARDED_AVAILABILITY = YES_AGGRESSIVE;
				CLANG_WARN_UNREACHABLE_CODE = YES;
				CLANG_WARN__DUPLICATE_METHOD_MATCH = YES;
				COPY_PHASE_STRIP = NO;
				DEBUG_INFORMATION_FORMAT = "dwarf-with-dsym";
				ENABLE_NS_ASSERTIONS = NO;
				ENABLE_STRICT_OBJC_MSGSEND = YES;
				GCC_C_LANGUAGE_STANDARD = gnu11;
				GCC_NO_COMMON_BLOCKS = YES;
				GCC_WARN_64_TO_32_BIT_CONVERSION = YES;
				GCC_WARN_ABOUT_RETURN_TYPE = YES_ERROR;
				GCC_WARN_UNDECLARED_SELECTOR = YES;
				GCC_WARN_UNINITIALIZED_AUTOS = YES_AGGRESSIVE;
				GCC_WARN_UNUSED_FUNCTION = YES;
				GCC_WARN_UNUSED_VARIABLE = YES;
				IPHONEOS_DEPLOYMENT_TARGET = 14.3;
				MTL_ENABLE_DEBUG_INFO = NO;
				MTL_FAST_MATH = YES;
				SDKROOT = iphoneos;
				SWIFT_COMPILATION_MODE = wholemodule;
				SWIFT_OPTIMIZATION_LEVEL = "-O";
				VALIDATE_PRODUCT = YES;
			};
			name = Release;
		};
		B98DCB9E263666D300B29BD3 /* Debug */ = {
			isa = XCBuildConfiguration;
			buildSettings = {
				ASSETCATALOG_COMPILER_APPICON_NAME = AppIcon;
				ASSETCATALOG_COMPILER_GLOBAL_ACCENT_COLOR_NAME = AccentColor;
				CODE_SIGN_STYLE = Automatic;
				DEVELOPMENT_TEAM = YD484U2GCW;
				INFOPLIST_FILE = Resources/Info.plist;
				LD_RUNPATH_SEARCH_PATHS = (
					"$(inherited)",
					"@executable_path/Frameworks",
				);
				PRODUCT_BUNDLE_IDENTIFIER = com.affirm.Colors;
				PRODUCT_NAME = "$(TARGET_NAME)";
				SWIFT_VERSION = 5.0;
				TARGETED_DEVICE_FAMILY = "1,2";
			};
			name = Debug;
		};
		B98DCB9F263666D300B29BD3 /* Release */ = {
			isa = XCBuildConfiguration;
			buildSettings = {
				ASSETCATALOG_COMPILER_APPICON_NAME = AppIcon;
				ASSETCATALOG_COMPILER_GLOBAL_ACCENT_COLOR_NAME = AccentColor;
				CODE_SIGN_STYLE = Automatic;
				DEVELOPMENT_TEAM = YD484U2GCW;
				INFOPLIST_FILE = Resources/Info.plist;
				LD_RUNPATH_SEARCH_PATHS = (
					"$(inherited)",
					"@executable_path/Frameworks",
				);
				PRODUCT_BUNDLE_IDENTIFIER = com.affirm.Colors;
				PRODUCT_NAME = "$(TARGET_NAME)";
				SWIFT_VERSION = 5.0;
				TARGETED_DEVICE_FAMILY = "1,2";
			};
			name = Release;
		};
		B98DCBA1263666D300B29BD3 /* Debug */ = {
			isa = XCBuildConfiguration;
			buildSettings = {
				ALWAYS_EMBED_SWIFT_STANDARD_LIBRARIES = YES;
				BUNDLE_LOADER = "$(TEST_HOST)";
				CODE_SIGN_STYLE = Automatic;
				DEVELOPMENT_TEAM = YD484U2GCW;
				INFOPLIST_FILE = Tests/Info.plist;
				IPHONEOS_DEPLOYMENT_TARGET = 14.3;
				LD_RUNPATH_SEARCH_PATHS = (
					"$(inherited)",
					"@executable_path/Frameworks",
					"@loader_path/Frameworks",
				);
				PRODUCT_BUNDLE_IDENTIFIER = com.affirm.ColorsTests;
				PRODUCT_NAME = "$(TARGET_NAME)";
				SWIFT_VERSION = 5.0;
				TARGETED_DEVICE_FAMILY = "1,2";
				TEST_HOST = "$(BUILT_PRODUCTS_DIR)/Colors.app/Colors";
			};
			name = Debug;
		};
		B98DCBA2263666D300B29BD3 /* Release */ = {
			isa = XCBuildConfiguration;
			buildSettings = {
				ALWAYS_EMBED_SWIFT_STANDARD_LIBRARIES = YES;
				BUNDLE_LOADER = "$(TEST_HOST)";
				CODE_SIGN_STYLE = Automatic;
				DEVELOPMENT_TEAM = YD484U2GCW;
				INFOPLIST_FILE = Tests/Info.plist;
				IPHONEOS_DEPLOYMENT_TARGET = 14.3;
				LD_RUNPATH_SEARCH_PATHS = (
					"$(inherited)",
					"@executable_path/Frameworks",
					"@loader_path/Frameworks",
				);
				PRODUCT_BUNDLE_IDENTIFIER = com.affirm.ColorsTests;
				PRODUCT_NAME = "$(TARGET_NAME)";
				SWIFT_VERSION = 5.0;
				TARGETED_DEVICE_FAMILY = "1,2";
				TEST_HOST = "$(BUILT_PRODUCTS_DIR)/Colors.app/Colors";
			};
			name = Release;
		};
		B98DCBA4263666D300B29BD3 /* Debug */ = {
			isa = XCBuildConfiguration;
			buildSettings = {
				ALWAYS_EMBED_SWIFT_STANDARD_LIBRARIES = YES;
				CODE_SIGN_STYLE = Automatic;
				DEVELOPMENT_TEAM = YD484U2GCW;
				INFOPLIST_FILE = Tests/Info.plist;
				LD_RUNPATH_SEARCH_PATHS = (
					"$(inherited)",
					"@executable_path/Frameworks",
					"@loader_path/Frameworks",
				);
				PRODUCT_BUNDLE_IDENTIFIER = com.affirm.ColorsUITests;
				PRODUCT_NAME = "$(TARGET_NAME)";
				PROVISIONING_PROFILE = "";
				SWIFT_VERSION = 5.0;
				TARGETED_DEVICE_FAMILY = "1,2";
				TEST_TARGET_NAME = Colors;
			};
			name = Debug;
		};
		B98DCBA5263666D300B29BD3 /* Release */ = {
			isa = XCBuildConfiguration;
			buildSettings = {
				ALWAYS_EMBED_SWIFT_STANDARD_LIBRARIES = YES;
				CODE_SIGN_STYLE = Automatic;
				DEVELOPMENT_TEAM = YD484U2GCW;
				INFOPLIST_FILE = Tests/Info.plist;
				LD_RUNPATH_SEARCH_PATHS = (
					"$(inherited)",
					"@executable_path/Frameworks",
					"@loader_path/Frameworks",
				);
				PRODUCT_BUNDLE_IDENTIFIER = com.affirm.ColorsUITests;
				PRODUCT_NAME = "$(TARGET_NAME)";
				PROVISIONING_PROFILE = "";
				SWIFT_VERSION = 5.0;
				TARGETED_DEVICE_FAMILY = "1,2";
				TEST_TARGET_NAME = Colors;
			};
			name = Release;
		};
/* End XCBuildConfiguration section */

/* Begin XCConfigurationList section */
		B98DCB6E263666D100B29BD3 /* Build configuration list for PBXProject "Colors" */ = {
			isa = XCConfigurationList;
			buildConfigurations = (
				B98DCB9B263666D300B29BD3 /* Debug */,
				B98DCB9C263666D300B29BD3 /* Release */,
			);
			defaultConfigurationIsVisible = 0;
			defaultConfigurationName = Release;
		};
		B98DCB9D263666D300B29BD3 /* Build configuration list for PBXNativeTarget "Colors" */ = {
			isa = XCConfigurationList;
			buildConfigurations = (
				B98DCB9E263666D300B29BD3 /* Debug */,
				B98DCB9F263666D300B29BD3 /* Release */,
			);
			defaultConfigurationIsVisible = 0;
			defaultConfigurationName = Release;
		};
		B98DCBA0263666D300B29BD3 /* Build configuration list for PBXNativeTarget "ColorsTests" */ = {
			isa = XCConfigurationList;
			buildConfigurations = (
				B98DCBA1263666D300B29BD3 /* Debug */,
				B98DCBA2263666D300B29BD3 /* Release */,
			);
			defaultConfigurationIsVisible = 0;
			defaultConfigurationName = Release;
		};
		B98DCBA3263666D300B29BD3 /* Build configuration list for PBXNativeTarget "ColorsUITests" */ = {
			isa = XCConfigurationList;
			buildConfigurations = (
				B98DCBA4263666D300B29BD3 /* Debug */,
				B98DCBA5263666D300B29BD3 /* Release */,
			);
			defaultConfigurationIsVisible = 0;
			defaultConfigurationName = Release;
		};
/* End XCConfigurationList section */
	};
	rootObject = B98DCB6B263666D100B29BD3 /* Project object */;
}
